
Microsoft Visual Studio Solution File, Format Version 12.00
# Visual Studio Version 17
VisualStudioVersion = 17.6.33712.159
MinimumVisualStudioVersion = 10.0.40219.1
Project("{FAE04EC0-301F-11D3-BF4B-00C04F79EFBC}") = "ProiectMVP", "ProiectMVP\ProiectMVP.csproj", "{7C0AB458-EFCD-4994-8BF2-A4D2D6A03651}"
EndProject
Global
	GlobalSection(SolutionConfigurationPlatforms) = preSolution
		Debug|Any CPU = Debug|Any CPU
		Release|Any CPU = Release|Any CPU
	EndGlobalSection
	GlobalSection(ProjectConfigurationPlatforms) = postSolution
		{7C0AB458-EFCD-4994-8BF2-A4D2D6A03651}.Debug|Any CPU.ActiveCfg = Debug|Any CPU
		{7C0AB458-EFCD-4994-8BF2-A4D2D6A03651}.Debug|Any CPU.Build.0 = Debug|Any CPU
		{7C0AB458-EFCD-4994-8BF2-A4D2D6A03651}.Release|Any CPU.ActiveCfg = Release|Any CPU
		{7C0AB458-EFCD-4994-8BF2-A4D2D6A03651}.Release|Any CPU.Build.0 = Release|Any CPU
	EndGlobalSection
	GlobalSection(SolutionProperties) = preSolution
		HideSolutionNode = FALSE
	EndGlobalSection
	GlobalSection(ExtensibilityGlobals) = postSolution
		SolutionGuid = {47CC1FE3-E86F-46B4-A0B8-DB2D4008A44B}
	EndGlobalSection
EndGlobal
